{
  "name": "moglicodes-github-events",
  "version": "0.0.1",
  "lockfileVersion": 2,
  "requires": true,
  "packages": {
    "": {
      "name": "moglicodes-github-events",
      "version": "0.0.1",
      "license": "ISC",
      "dependencies": {
        "@netlify/functions": "^1.3.0",
        "ohmyfetch": "^0.4.19"
      },
      "devDependencies": {
        "@types/node": "^18.11.0"
      }
    },
    "node_modules/@netlify/functions": {
      "version": "1.3.0",
      "resolved": "https://registry.npmjs.org/@netlify/functions/-/functions-1.3.0.tgz",
      "integrity": "sha512-hN/Fgpz8XIOBfsBPLYUMxVKBlCopgeqGB0popayicnmkFLnvKByTTMYgF01wcF9DBtBQdV0H2h1kPFpMl34I8w==",
      "dependencies": {
        "is-promise": "^4.0.0"
      },
      "engines": {
        "node": ">=8.3.0"
      }
    },
    "node_modules/@types/node": {
      "version": "18.11.0",
      "resolved": "https://registry.npmjs.org/@types/node/-/node-18.11.0.tgz",
      "integrity": "sha512-IOXCvVRToe7e0ny7HpT/X9Rb2RYtElG1a+VshjwT00HxrM2dWBApHQoqsI6WiY7Q03vdf2bCrIGzVrkF/5t10w==",
      "dev": true
    },
    "node_modules/busboy": {
      "version": "1.6.0",
      "resolved": "https://registry.npmjs.org/busboy/-/busboy-1.6.0.tgz",
      "integrity": "sha512-8SFQbg/0hQ9xy3UNTB0YEnsNBbWfhf7RtnzpL7TkBiTBRfrQ9Fxcnz7VJsleJpyp6rVLvXiuORqjlHi5q+PYuA==",
      "dependencies": {
        "streamsearch": "^1.1.0"
      },
      "engines": {
        "node": ">=10.16.0"
      }
    },
    "node_modules/destr": {
      "version": "1.1.1",
      "resolved": "https://registry.npmjs.org/destr/-/destr-1.1.1.tgz",
      "integrity": "sha512-QqkneF8LrYmwATMdnuD2MLI3GHQIcBnG6qFC2q9bSH430VTCDAVjcspPmUaKhPGtAtPAftIUFqY1obQYQuwmbg=="
    },
    "node_modules/is-promise": {
      "version": "4.0.0",
      "resolved": "https://registry.npmjs.org/is-promise/-/is-promise-4.0.0.tgz",
      "integrity": "sha512-hvpoI6korhJMnej285dSg6nu1+e6uxs7zG3BYAm5byqDsgJNWwxzM6z6iZiAgQR4TJ30JmBTOwqZUw3WlyH3AQ=="
    },
    "node_modules/node-fetch-native": {
      "version": "0.1.8",
      "resolved": "https://registry.npmjs.org/node-fetch-native/-/node-fetch-native-0.1.8.tgz",
      "integrity": "sha512-ZNaury9r0NxaT2oL65GvdGDy+5PlSaHTovT6JV5tOW07k1TQmgC0olZETa4C9KZg0+6zBr99ctTYa3Utqj9P/Q=="
    },
    "node_modules/ohmyfetch": {
      "version": "0.4.19",
      "resolved": "https://registry.npmjs.org/ohmyfetch/-/ohmyfetch-0.4.19.tgz",
      "integrity": "sha512-OH2xVeRPNsHkx+JFdq1ewe9EwVDfTrv6lsBHpIx8wIWXowP5FyLhhYVaXIVlPsW542rt7gmwK14FwIDWUXEO+Q==",
      "dependencies": {
        "destr": "^1.1.1",
        "node-fetch-native": "^0.1.5",
        "ufo": "^0.8.5",
        "undici": "^5.10.0"
      }
    },
    "node_modules/streamsearch": {
      "version": "1.1.0",
      "resolved": "https://registry.npmjs.org/streamsearch/-/streamsearch-1.1.0.tgz",
      "integrity": "sha512-Mcc5wHehp9aXz1ax6bZUyY5afg9u2rv5cqQI3mRrYkGC8rW2hM02jWuwjtL++LS5qinSyhj2QfLyNsuc+VsExg==",
      "engines": {
        "node": ">=10.0.0"
      }
    },
    "node_modules/ufo": {
      "version": "0.8.6",
      "resolved": "https://registry.npmjs.org/ufo/-/ufo-0.8.6.tgz",
      "integrity": "sha512-fk6CmUgwKCfX79EzcDQQpSCMxrHstvbLswFChHS0Vump+kFkw7nJBfTZoC1j0bOGoY9I7R3n2DGek5ajbcYnOw=="
    },
    "node_modules/undici": {
      "version": "5.11.0",
      "resolved": "https://registry.npmjs.org/undici/-/undici-5.11.0.tgz",
      "integrity": "sha512-oWjWJHzFet0Ow4YZBkyiJwiK5vWqEYoH7BINzJAJOLedZ++JpAlCbUktW2GQ2DS2FpKmxD/JMtWUUWl1BtghGw==",
      "dependencies": {
        "busboy": "^1.6.0"
      },
      "engines": {
        "node": ">=12.18"
      }
    }
  },
  "dependencies": {
    "@netlify/functions": {
      "version": "1.3.0",
      "resolved": "https://registry.npmjs.org/@netlify/functions/-/functions-1.3.0.tgz",
      "integrity": "sha512-hN/Fgpz8XIOBfsBPLYUMxVKBlCopgeqGB0popayicnmkFLnvKByTTMYgF01wcF9DBtBQdV0H2h1kPFpMl34I8w==",
      "requires": {
        "is-promise": "^4.0.0"
      }
    },
    "@types/node": {
      "version": "18.11.0",
      "resolved": "https://registry.npmjs.org/@types/node/-/node-18.11.0.tgz",
      "integrity": "sha512-IOXCvVRToe7e0ny7HpT/X9Rb2RYtElG1a+VshjwT00HxrM2dWBApHQoqsI6WiY7Q03vdf2bCrIGzVrkF/5t10w==",
      "dev": true
    },
    "busboy": {
      "version": "1.6.0",
      "resolved": "https://registry.npmjs.org/busboy/-/busboy-1.6.0.tgz",
      "integrity": "sha512-8SFQbg/0hQ9xy3UNTB0YEnsNBbWfhf7RtnzpL7TkBiTBRfrQ9Fxcnz7VJsleJpyp6rVLvXiuORqjlHi5q+PYuA==",
      "requires": {
        "streamsearch": "^1.1.0"
      }
    },
    "destr": {
      "version": "1.1.1",
      "resolved": "https://registry.npmjs.org/destr/-/destr-1.1.1.tgz",
      "integrity": "sha512-QqkneF8LrYmwATMdnuD2MLI3GHQIcBnG6qFC2q9bSH430VTCDAVjcspPmUaKhPGtAtPAftIUFqY1obQYQuwmbg=="
    },
    "is-promise": {
      "version": "4.0.0",
      "resolved": "https://registry.npmjs.org/is-promise/-/is-promise-4.0.0.tgz",
      "integrity": "sha512-hvpoI6korhJMnej285dSg6nu1+e6uxs7zG3BYAm5byqDsgJNWwxzM6z6iZiAgQR4TJ30JmBTOwqZUw3WlyH3AQ=="
    },
    "node-fetch-native": {
      "version": "0.1.8",
      "resolved": "https://registry.npmjs.org/node-fetch-native/-/node-fetch-native-0.1.8.tgz",
      "integrity": "sha512-ZNaury9r0NxaT2oL65GvdGDy+5PlSaHTovT6JV5tOW07k1TQmgC0olZETa4C9KZg0+6zBr99ctTYa3Utqj9P/Q=="
    },
    "ohmyfetch": {
      "version": "0.4.19",
      "resolved": "https://registry.npmjs.org/ohmyfetch/-/ohmyfetch-0.4.19.tgz",
      "integrity": "sha512-OH2xVeRPNsHkx+JFdq1ewe9EwVDfTrv6lsBHpIx8wIWXowP5FyLhhYVaXIVlPsW542rt7gmwK14FwIDWUXEO+Q==",
      "requires": {
        "destr": "^1.1.1",
        "node-fetch-native": "^0.1.5",
        "ufo": "^0.8.5",
        "undici": "^5.10.0"
      }
    },
    "streamsearch": {
      "version": "1.1.0",
      "resolved": "https://registry.npmjs.org/streamsearch/-/streamsearch-1.1.0.tgz",
      "integrity": "sha512-Mcc5wHehp9aXz1ax6bZUyY5afg9u2rv5cqQI3mRrYkGC8rW2hM02jWuwjtL++LS5qinSyhj2QfLyNsuc+VsExg=="
    },
    "ufo": {
      "version": "0.8.6",
      "resolved": "https://registry.npmjs.org/ufo/-/ufo-0.8.6.tgz",
      "integrity": "sha512-fk6CmUgwKCfX79EzcDQQpSCMxrHstvbLswFChHS0Vump+kFkw7nJBfTZoC1j0bOGoY9I7R3n2DGek5ajbcYnOw=="
    },
    "undici": {
      "version": "5.11.0",
      "resolved": "https://registry.npmjs.org/undici/-/undici-5.11.0.tgz",
      "integrity": "sha512-oWjWJHzFet0Ow4YZBkyiJwiK5vWqEYoH7BINzJAJOLedZ++JpAlCbUktW2GQ2DS2FpKmxD/JMtWUUWl1BtghGw==",
      "requires": {
        "busboy": "^1.6.0"
      }
    }
  }
}
